// !$*UTF8*$!
{
	archiveVersion = 1;
	classes = {
	};
	objectVersion = 50;
	objects = {

/* Begin PBXBuildFile section */
		63E5A41D23EA4FB100BC2BC7 /* AppDelegate.swift in Sources */ = {isa = PBXBuildFile; fileRef = 63E5A41C23EA4FB100BC2BC7 /* AppDelegate.swift */; };
		63E5A41F23EA4FB100BC2BC7 /* SceneDelegate.swift in Sources */ = {isa = PBXBuildFile; fileRef = 63E5A41E23EA4FB100BC2BC7 /* SceneDelegate.swift */; };
		63E5A42423EA4FB100BC2BC7 /* Main.storyboard in Resources */ = {isa = PBXBuildFile; fileRef = 63E5A42223EA4FB100BC2BC7 /* Main.storyboard */; };
		63E5A42623EA4FBC00BC2BC7 /* Assets.xcassets in Resources */ = {isa = PBXBuildFile; fileRef = 63E5A42523EA4FBC00BC2BC7 /* Assets.xcassets */; };
		63E5A42923EA4FBC00BC2BC7 /* LaunchScreen.storyboard in Resources */ = {isa = PBXBuildFile; fileRef = 63E5A42723EA4FBC00BC2BC7 /* LaunchScreen.storyboard */; };
		63E5A43123EA505A00BC2BC7 /* LogoView.swift in Sources */ = {isa = PBXBuildFile; fileRef = 63E5A43023EA505900BC2BC7 /* LogoView.swift */; };
		63E5A43523EA50F700BC2BC7 /* LogoViewController.swift in Sources */ = {isa = PBXBuildFile; fileRef = 63E5A43423EA50F700BC2BC7 /* LogoViewController.swift */; };
/* End PBXBuildFile section */

/* Begin PBXFileReference section */
		63E5A41923EA4FB100BC2BC7 /* Logo.app */ = {isa = PBXFileReference; explicitFileType = wrapper.application; includeInIndex = 0; path = Logo.app; sourceTree = BUILT_PRODUCTS_DIR; };
		63E5A41C23EA4FB100BC2BC7 /* AppDelegate.swift */ = {isa = PBXFileReference; lastKnownFileType = sourcecode.swift; path = AppDelegate.swift; sourceTree = "<group>"; };
		63E5A41E23EA4FB100BC2BC7 /* SceneDelegate.swift */ = {isa = PBXFileReference; lastKnownFileType = sourcecode.swift; path = SceneDelegate.swift; sourceTree = "<group>"; };
		63E5A42323EA4FB100BC2BC7 /* Base */ = {isa = PBXFileReference; lastKnownFileType = file.storyboard; name = Base; path = Base.lproj/Main.storyboard; sourceTree = "<group>"; };
		63E5A42523EA4FBC00BC2BC7 /* Assets.xcassets */ = {isa = PBXFileReference; lastKnownFileType = folder.assetcatalog; path = Assets.xcassets; sourceTree = "<group>"; };
		63E5A42823EA4FBC00BC2BC7 /* Base */ = {isa = PBXFileReference; lastKnownFileType = file.storyboard; name = Base; path = Base.lproj/LaunchScreen.storyboard; sourceTree = "<group>"; };
		63E5A42A23EA4FBC00BC2BC7 /* Info.plist */ = {isa = PBXFileReference; lastKnownFileType = text.plist.xml; path = Info.plist; sourceTree = "<group>"; };
		63E5A43023EA505900BC2BC7 /* LogoView.swift */ = {isa = PBXFileReference; lastKnownFileType = sourcecode.swift; path = LogoView.swift; sourceTree = "<group>"; };
		63E5A43423EA50F700BC2BC7 /* LogoViewController.swift */ = {isa = PBXFileReference; lastKnownFileType = sourcecode.swift; path = LogoViewController.swift; sourceTree = "<group>"; };
/* End PBXFileReference section */

/* Begin PBXFrameworksBuildPhase section */
		63E5A41623EA4FB100BC2BC7 /* Frameworks */ = {
			isa = PBXFrameworksBuildPhase;
			buildActionMask = 2147483647;
			files = (
			);
			runOnlyForDeploymentPostprocessing = 0;
		};
/* End PBXFrameworksBuildPhase section */

/* Begin PBXGroup section */
		63E5A41023EA4FB100BC2BC7 = {
			isa = PBXGroup;
			children = (
				63E5A41B23EA4FB100BC2BC7 /* Logo */,
				63E5A41A23EA4FB100BC2BC7 /* Products */,
			);
			sourceTree = "<group>";
		};
		63E5A41A23EA4FB100BC2BC7 /* Products */ = {
			isa = PBXGroup;
			children = (
				63E5A41923EA4FB100BC2BC7 /* Logo.app */,
			);
			name = Products;
			sourceTree = "<group>";
		};
		63E5A41B23EA4FB100BC2BC7 /* Logo */ = {
			isa = PBXGroup;
			children = (
				63E5A41C23EA4FB100BC2BC7 /* AppDelegate.swift */,
				63E5A41E23EA4FB100BC2BC7 /* SceneDelegate.swift */,
				63E5A42223EA4FB100BC2BC7 /* Main.storyboard */,
				63E5A42523EA4FBC00BC2BC7 /* Assets.xcassets */,
				63E5A42723EA4FBC00BC2BC7 /* LaunchScreen.storyboard */,
				63E5A42A23EA4FBC00BC2BC7 /* Info.plist */,
				63E5A43023EA505900BC2BC7 /* LogoView.swift */,
				63E5A43423EA50F700BC2BC7 /* LogoViewController.swift */,
			);
			path = Logo;
			sourceTree = "<group>";
		};
/* End PBXGroup section */

/* Begin PBXNativeTarget section */
		63E5A41823EA4FB100BC2BC7 /* Logo */ = {
			isa = PBXNativeTarget;
			buildConfigurationList = 63E5A42D23EA4FBC00BC2BC7 /* Build configuration list for PBXNativeTarget "Logo" */;
			buildPhases = (
				63E5A41523EA4FB100BC2BC7 /* Sources */,
				63E5A41623EA4FB100BC2BC7 /* Frameworks */,
				63E5A41723EA4FB100BC2BC7 /* Resources */,
			);
			buildRules = (
			);
			dependencies = (
			);
			name = Logo;
			productName = Logo;
			productReference = 63E5A41923EA4FB100BC2BC7 /* Logo.app */;
			productType = "com.apple.product-type.application";
		};
/* End PBXNativeTarget section */

/* Begin PBXProject section */
		63E5A41123EA4FB100BC2BC7 /* Project object */ = {
			isa = PBXProject;
			attributes = {
				LastSwiftUpdateCheck = 1120;
				LastUpgradeCheck = 1120;
				ORGANIZATIONNAME = "Gerardo Hernandez";
				TargetAttributes = {
					63E5A41823EA4FB100BC2BC7 = {
						CreatedOnToolsVersion = 11.2.1;
					};
				};
			};
			buildConfigurationList = 63E5A41423EA4FB100BC2BC7 /* Build configuration list for PBXProject "Logo" */;
			compatibilityVersion = "Xcode 9.3";
			developmentRegion = en;
			hasScannedForEncodings = 0;
			knownRegions = (
				en,
				Base,
			);
			mainGroup = 63E5A41023EA4FB100BC2BC7;
			productRefGroup = 63E5A41A23EA4FB100BC2BC7 /* Products */;
			projectDirPath = "";
			projectRoot = "";
			targets = (
				63E5A41823EA4FB100BC2BC7 /* Logo */,
			);
		};
/* End PBXProject section */

/* Begin PBXResourcesBuildPhase section */
		63E5A41723EA4FB100BC2BC7 /* Resources */ = {
			isa = PBXResourcesBuildPhase;
			buildActionMask = 2147483647;
			files = (
				63E5A42923EA4FBC00BC2BC7 /* LaunchScreen.storyboard in Resources */,
				63E5A42623EA4FBC00BC2BC7 /* Assets.xcassets in Resources */,
				63E5A42423EA4FB100BC2BC7 /* Main.storyboard in Resources */,
			);
			runOnlyForDeploymentPostprocessing = 0;
		};
/* End PBXResourcesBuildPhase section */

/* Begin PBXSourcesBuildPhase section */
		63E5A41523EA4FB100BC2BC7 /* Sources */ = {
			isa = PBXSourcesBuildPhase;
			buildActionMask = 2147483647;
			files = (
				63E5A43123EA505A00BC2BC7 /* LogoView.swift in Sources */,
				63E5A41D23EA4FB100BC2BC7 /* AppDelegate.swift in Sources */,
				63E5A41F23EA4FB100BC2BC7 /* SceneDelegate.swift in Sources */,
				63E5A43523EA50F700BC2BC7 /* LogoViewController.swift in Sources */,
			);
			runOnlyForDeploymentPostprocessing = 0;
		};
/* End PBXSourcesBuildPhase section */

/* Begin PBXVariantGroup section */
		63E5A42223EA4FB100BC2BC7 /* Main.storyboard */ = {
			isa = PBXVariantGroup;
			children = (
				63E5A42323EA4FB100BC2BC7 /* Base */,
			);
			name = Main.storyboard;
			sourceTree = "<group>";
		};
		63E5A42723EA4FBC00BC2BC7 /* LaunchScreen.storyboard */ = {
			isa = PBXVariantGroup;
			children = (
				63E5A42823EA4FBC00BC2BC7 /* Base */,
			);
			name = LaunchScreen.storyboard;
			sourceTree = "<group>";
		};
/* End PBXVariantGroup section */

/* Begin XCBuildConfiguration section */
		63E5A42B23EA4FBC00BC2BC7 /* Debug */ = {
			isa = XCBuildConfiguration;
			buildSettings = {
				ALWAYS_SEARCH_USER_PATHS = NO;
				CLANG_ANALYZER_NONNULL = YES;
				CLANG_ANALYZER_NUMBER_OBJECT_CONVERSION = YES_AGGRESSIVE;
				CLANG_CXX_LANGUAGE_STANDARD = "gnu++14";
				CLANG_CXX_LIBRARY = "libc++";
				CLANG_ENABLE_MODULES = YES;
				CLANG_ENABLE_OBJC_ARC = YES;
				CLANG_ENABLE_OBJC_WEAK = YES;
				CLANG_WARN_BLOCK_CAPTURE_AUTORELEASING = YES;
				CLANG_WARN_BOOL_CONVERSION = YES;
				CLANG_WARN_COMMA = YES;
				CLANG_WARN_CONSTANT_CONVERSION = YES;
				CLANG_WARN_DEPRECATED_OBJC_IMPLEMENTATIONS = YES;
				CLANG_WARN_DIRECT_OBJC_ISA_USAGE = YES_ERROR;
				CLANG_WARN_DOCUMENTATION_COMMENTS = YES;
				CLANG_WARN_EMPTY_BODY = YES;
				CLANG_WARN_ENUM_CONVERSION = YES;
				CLANG_WARN_INFINITE_RECURSION = YES;
				CLANG_WARN_INT_CONVERSION = YES;
				CLANG_WARN_NON_LITERAL_NULL_CONVERSION = YES;
				CLANG_WARN_OBJC_IMPLICIT_RETAIN_SELF = YES;
				CLANG_WARN_OBJC_LITERAL_CONVERSION = YES;
				CLANG_WARN_OBJC_ROOT_CLASS = YES_ERROR;
				CLANG_WARN_RANGE_LOOP_ANALYSIS = YES;
				CLANG_WARN_STRICT_PROTOTYPES = YES;
				CLANG_WARN_SUSPICIOUS_MOVE = YES;
				CLANG_WARN_UNGUARDED_AVAILABILITY = YES_AGGRESSIVE;
				CLANG_WARN_UNREACHABLE_CODE = YES;
				CLANG_WARN__DUPLICATE_METHOD_MATCH = YES;
				COPY_PHASE_STRIP = NO;
				DEBUG_INFORMATION_FORMAT = dwarf;
				ENABLE_STRICT_OBJC_MSGSEND = YES;
				ENABLE_TESTABILITY = YES;
				GCC_C_LANGUAGE_STANDARD = gnu11;
				GCC_DYNAMIC_NO_PIC = NO;
				GCC_NO_COMMON_BLOCKS = YES;
				GCC_OPTIMIZATION_LEVEL = 0;
				GCC_PREPROCESSOR_DEFINITIONS = (
					"DEBUG=1",
					"$(inherited)",
				);
				GCC_WARN_64_TO_32_BIT_CONVERSION = YES;
				GCC_WARN_ABOUT_RETURN_TYPE = YES_ERROR;
				GCC_WARN_UNDECLARED_SELECTOR = YES;
				GCC_WARN_UNINITIALIZED_AUTOS = YES_AGGRESSIVE;
				GCC_WARN_UNUSED_FUNCTION = YES;
				GCC_WARN_UNUSED_VARIABLE = YES;
				IPHONEOS_DEPLOYMENT_TARGET = 13.2;
				MTL_ENABLE_DEBUG_INFO = INCLUDE_SOURCE;
				MTL_FAST_MATH = YES;
				ONLY_ACTIVE_ARCH = YES;
				SDKROOT = iphoneos;
				SWIFT_ACTIVE_COMPILATION_CONDITIONS = DEBUG;
				SWIFT_OPTIMIZATION_LEVEL = "-Onone";
			};
			name = Debug;
		};
		63E5A42C23EA4FBC00BC2BC7 /* Release */ = {
			isa = XCBuildConfiguration;
			buildSettings = {
				ALWAYS_SEARCH_USER_PATHS = NO;
				CLANG_ANALYZER_NONNULL = YES;
				CLANG_ANALYZER_NUMBER_OBJECT_CONVERSION = YES_AGGRESSIVE;
				CLANG_CXX_LANGUAGE_STANDARD = "gnu++14";
				CLANG_CXX_LIBRARY = "libc++";
				CLANG_ENABLE_MODULES = YES;
				CLANG_ENABLE_OBJC_ARC = YES;
				CLANG_ENABLE_OBJC_WEAK = YES;
				CLANG_WARN_BLOCK_CAPTURE_AUTORELEASING = YES;
				CLANG_WARN_BOOL_CONVERSION = YES;
				CLANG_WARN_COMMA = YES;
				CLANG_WARN_CONSTANT_CONVERSION = YES;
				CLANG_WARN_DEPRECATED_OBJC_IMPLEMENTATIONS = YES;
				CLANG_WARN_DIRECT_OBJC_ISA_USAGE = YES_ERROR;
				CLANG_WARN_DOCUMENTATION_COMMENTS = YES;
				CLANG_WARN_EMPTY_BODY = YES;
				CLANG_WARN_ENUM_CONVERSION = YES;
				CLANG_WARN_INFINITE_RECURSION = YES;
				CLANG_WARN_INT_CONVERSION = YES;
				CLANG_WARN_NON_LITERAL_NULL_CONVERSION = YES;
				CLANG_WARN_OBJC_IMPLICIT_RETAIN_SELF = YES;
				CLANG_WARN_OBJC_LITERAL_CONVERSION = YES;
				CLANG_WARN_OBJC_ROOT_CLASS = YES_ERROR;
				CLANG_WARN_RANGE_LOOP_ANALYSIS = YES;
				CLANG_WARN_STRICT_PROTOTYPES = YES;
				CLANG_WARN_SUSPICIOUS_MOVE = YES;
				CLANG_WARN_UNGUARDED_AVAILABILITY = YES_AGGRESSIVE;
				CLANG_WARN_UNREACHABLE_CODE = YES;
				CLANG_WARN__DUPLICATE_METHOD_MATCH = YES;
				COPY_PHASE_STRIP = NO;
				DEBUG_INFORMATION_FORMAT = "dwarf-with-dsym";
				ENABLE_NS_ASSERTIONS = NO;
				ENABLE_STRICT_OBJC_MSGSEND = YES;
				GCC_C_LANGUAGE_STANDARD = gnu11;
				GCC_NO_COMMON_BLOCKS = YES;
				GCC_WARN_64_TO_32_BIT_CONVERSION = YES;
				GCC_WARN_ABOUT_RETURN_TYPE = YES_ERROR;
				GCC_WARN_UNDECLARED_SELECTOR = YES;
				GCC_WARN_UNINITIALIZED_AUTOS = YES_AGGRESSIVE;
				GCC_WARN_UNUSED_FUNCTION = YES;
				GCC_WARN_UNUSED_VARIABLE = YES;
				IPHONEOS_DEPLOYMENT_TARGET = 13.2;
				MTL_ENABLE_DEBUG_INFO = NO;
				MTL_FAST_MATH = YES;
				SDKROOT = iphoneos;
				SWIFT_COMPILATION_MODE = wholemodule;
				SWIFT_OPTIMIZATION_LEVEL = "-O";
				VALIDATE_PRODUCT = YES;
			};
			name = Release;
		};
		63E5A42E23EA4FBC00BC2BC7 /* Debug */ = {
			isa = XCBuildConfiguration;
			buildSettings = {
				ASSETCATALOG_COMPILER_APPICON_NAME = AppIcon;
				CODE_SIGN_STYLE = Automatic;
				DEVELOPMENT_TEAM = NW64B8MUZ5;
				INFOPLIST_FILE = Logo/Info.plist;
				LD_RUNPATH_SEARCH_PATHS = (
					"$(inherited)",
					"@executable_path/Frameworks",
				);
				PRODUCT_BUNDLE_IDENTIFIER = com.gerardohernandez.Logo;
				PRODUCT_NAME = "$(TARGET_NAME)";
				SWIFT_VERSION = 5.0;
				TARGETED_DEVICE_FAMILY = "1,2";
			};
			name = Debug;
		};
		63E5A42F23EA4FBC00BC2BC7 /* Release */ = {
			isa = XCBuildConfiguration;
			buildSettings = {
				ASSETCATALOG_COMPILER_APPICON_NAME = AppIcon;
				CODE_SIGN_STYLE = Automatic;
				DEVELOPMENT_TEAM = NW64B8MUZ5;
				INFOPLIST_FILE = Logo/Info.plist;
				LD_RUNPATH_SEARCH_PATHS = (
					"$(inherited)",
					"@executable_path/Frameworks",
				);
				PRODUCT_BUNDLE_IDENTIFIER = com.gerardohernandez.Logo;
				PRODUCT_NAME = "$(TARGET_NAME)";
				SWIFT_VERSION = 5.0;
				TARGETED_DEVICE_FAMILY = "1,2";
			};
			name = Release;
		};
/* End XCBuildConfiguration section */

/* Begin XCConfigurationList section */
		63E5A41423EA4FB100BC2BC7 /* Build configuration list for PBXProject "Logo" */ = {
			isa = XCConfigurationList;
			buildConfigurations = (
				63E5A42B23EA4FBC00BC2BC7 /* Debug */,
				63E5A42C23EA4FBC00BC2BC7 /* Release */,
			);
			defaultConfigurationIsVisible = 0;
			defaultConfigurationName = Release;
		};
		63E5A42D23EA4FBC00BC2BC7 /* Build configuration list for PBXNativeTarget "Logo" */ = {
			isa = XCConfigurationList;
			buildConfigurations = (
				63E5A42E23EA4FBC00BC2BC7 /* Debug */,
				63E5A42F23EA4FBC00BC2BC7 /* Release */,
			);
			defaultConfigurationIsVisible = 0;
			defaultConfigurationName = Release;
		};
/* End XCConfigurationList section */
	};
	rootObject = 63E5A41123EA4FB100BC2BC7 /* Project object */;
}
